// !$*UTF8*$!
{
	archiveVersion = 1;
	classes = {
	};
	objectVersion = 50;
	objects = {

/* Begin PBXBuildFile section */
		00B18E6227224FDA0023987A /* AppDelegate.swift in Sources */ = {isa = PBXBuildFile; fileRef = 00B18E6127224FDA0023987A /* AppDelegate.swift */; };
		00B18E6427224FDA0023987A /* SceneDelegate.swift in Sources */ = {isa = PBXBuildFile; fileRef = 00B18E6327224FDA0023987A /* SceneDelegate.swift */; };
		00B18E6627224FDA0023987A /* ViewController.swift in Sources */ = {isa = PBXBuildFile; fileRef = 00B18E6527224FDA0023987A /* ViewController.swift */; };
		00B18E6927224FDA0023987A /* Main.storyboard in Resources */ = {isa = PBXBuildFile; fileRef = 00B18E6727224FDA0023987A /* Main.storyboard */; };
		00B18E6C27224FDA0023987A /* SwiftHightClass.xcdatamodeld in Sources */ = {isa = PBXBuildFile; fileRef = 00B18E6A27224FDA0023987A /* SwiftHightClass.xcdatamodeld */; };
		00B18E6E27224FE00023987A /* Assets.xcassets in Resources */ = {isa = PBXBuildFile; fileRef = 00B18E6D27224FE00023987A /* Assets.xcassets */; };
		00B18E7127224FE00023987A /* LaunchScreen.storyboard in Resources */ = {isa = PBXBuildFile; fileRef = 00B18E6F27224FE00023987A /* LaunchScreen.storyboard */; };
/* End PBXBuildFile section */

/* Begin PBXFileReference section */
		00B18E5E27224FDA0023987A /* SwiftHightClass.app */ = {isa = PBXFileReference; explicitFileType = wrapper.application; includeInIndex = 0; path = SwiftHightClass.app; sourceTree = BUILT_PRODUCTS_DIR; };
		00B18E6127224FDA0023987A /* AppDelegate.swift */ = {isa = PBXFileReference; lastKnownFileType = sourcecode.swift; path = AppDelegate.swift; sourceTree = "<group>"; };
		00B18E6327224FDA0023987A /* SceneDelegate.swift */ = {isa = PBXFileReference; lastKnownFileType = sourcecode.swift; path = SceneDelegate.swift; sourceTree = "<group>"; };
		00B18E6527224FDA0023987A /* ViewController.swift */ = {isa = PBXFileReference; lastKnownFileType = sourcecode.swift; path = ViewController.swift; sourceTree = "<group>"; };
		00B18E6827224FDA0023987A /* Base */ = {isa = PBXFileReference; lastKnownFileType = file.storyboard; name = Base; path = Base.lproj/Main.storyboard; sourceTree = "<group>"; };
		00B18E6B27224FDA0023987A /* SwiftHightClass.xcdatamodel */ = {isa = PBXFileReference; lastKnownFileType = wrapper.xcdatamodel; path = SwiftHightClass.xcdatamodel; sourceTree = "<group>"; };
		00B18E6D27224FE00023987A /* Assets.xcassets */ = {isa = PBXFileReference; lastKnownFileType = folder.assetcatalog; path = Assets.xcassets; sourceTree = "<group>"; };
		00B18E7027224FE00023987A /* Base */ = {isa = PBXFileReference; lastKnownFileType = file.storyboard; name = Base; path = Base.lproj/LaunchScreen.storyboard; sourceTree = "<group>"; };
		00B18E7227224FE00023987A /* Info.plist */ = {isa = PBXFileReference; lastKnownFileType = text.plist.xml; path = Info.plist; sourceTree = "<group>"; };
/* End PBXFileReference section */

/* Begin PBXFrameworksBuildPhase section */
		00B18E5B27224FDA0023987A /* Frameworks */ = {
			isa = PBXFrameworksBuildPhase;
			buildActionMask = 2147483647;
			files = (
			);
			runOnlyForDeploymentPostprocessing = 0;
		};
/* End PBXFrameworksBuildPhase section */

/* Begin PBXGroup section */
		00B18E5527224FDA0023987A = {
			isa = PBXGroup;
			children = (
				00B18E6027224FDA0023987A /* SwiftHightClass */,
				00B18E5F27224FDA0023987A /* Products */,
			);
			sourceTree = "<group>";
		};
		00B18E5F27224FDA0023987A /* Products */ = {
			isa = PBXGroup;
			children = (
				00B18E5E27224FDA0023987A /* SwiftHightClass.app */,
			);
			name = Products;
			sourceTree = "<group>";
		};
		00B18E6027224FDA0023987A /* SwiftHightClass */ = {
			isa = PBXGroup;
			children = (
				00B18E6127224FDA0023987A /* AppDelegate.swift */,
				00B18E6327224FDA0023987A /* SceneDelegate.swift */,
				00B18E6527224FDA0023987A /* ViewController.swift */,
				00B18E6727224FDA0023987A /* Main.storyboard */,
				00B18E6D27224FE00023987A /* Assets.xcassets */,
				00B18E6F27224FE00023987A /* LaunchScreen.storyboard */,
				00B18E7227224FE00023987A /* Info.plist */,
				00B18E6A27224FDA0023987A /* SwiftHightClass.xcdatamodeld */,
			);
			path = SwiftHightClass;
			sourceTree = "<group>";
		};
/* End PBXGroup section */

/* Begin PBXNativeTarget section */
		00B18E5D27224FDA0023987A /* SwiftHightClass */ = {
			isa = PBXNativeTarget;
			buildConfigurationList = 00B18E7527224FE00023987A /* Build configuration list for PBXNativeTarget "SwiftHightClass" */;
			buildPhases = (
				00B18E5A27224FDA0023987A /* Sources */,
				00B18E5B27224FDA0023987A /* Frameworks */,
				00B18E5C27224FDA0023987A /* Resources */,
			);
			buildRules = (
			);
			dependencies = (
			);
			name = SwiftHightClass;
			productName = SwiftHightClass;
			productReference = 00B18E5E27224FDA0023987A /* SwiftHightClass.app */;
			productType = "com.apple.product-type.application";
		};
/* End PBXNativeTarget section */

/* Begin PBXProject section */
		00B18E5627224FDA0023987A /* Project object */ = {
			isa = PBXProject;
			attributes = {
				LastSwiftUpdateCheck = 1240;
				LastUpgradeCheck = 1240;
				TargetAttributes = {
					00B18E5D27224FDA0023987A = {
						CreatedOnToolsVersion = 12.4;
					};
				};
			};
			buildConfigurationList = 00B18E5927224FDA0023987A /* Build configuration list for PBXProject "SwiftHightClass" */;
			compatibilityVersion = "Xcode 9.3";
			developmentRegion = en;
			hasScannedForEncodings = 0;
			knownRegions = (
				en,
				Base,
			);
			mainGroup = 00B18E5527224FDA0023987A;
			productRefGroup = 00B18E5F27224FDA0023987A /* Products */;
			projectDirPath = "";
			projectRoot = "";
			targets = (
				00B18E5D27224FDA0023987A /* SwiftHightClass */,
			);
		};
/* End PBXProject section */

/* Begin PBXResourcesBuildPhase section */
		00B18E5C27224FDA0023987A /* Resources */ = {
			isa = PBXResourcesBuildPhase;
			buildActionMask = 2147483647;
			files = (
				00B18E7127224FE00023987A /* LaunchScreen.storyboard in Resources */,
				00B18E6E27224FE00023987A /* Assets.xcassets in Resources */,
				00B18E6927224FDA0023987A /* Main.storyboard in Resources */,
			);
			runOnlyForDeploymentPostprocessing = 0;
		};
/* End PBXResourcesBuildPhase section */

/* Begin PBXSourcesBuildPhase section */
		00B18E5A27224FDA0023987A /* Sources */ = {
			isa = PBXSourcesBuildPhase;
			buildActionMask = 2147483647;
			files = (
				00B18E6627224FDA0023987A /* ViewController.swift in Sources */,
				00B18E6227224FDA0023987A /* AppDelegate.swift in Sources */,
				00B18E6427224FDA0023987A /* SceneDelegate.swift in Sources */,
				00B18E6C27224FDA0023987A /* SwiftHightClass.xcdatamodeld in Sources */,
			);
			runOnlyForDeploymentPostprocessing = 0;
		};
/* End PBXSourcesBuildPhase section */

/* Begin PBXVariantGroup section */
		00B18E6727224FDA0023987A /* Main.storyboard */ = {
			isa = PBXVariantGroup;
			children = (
				00B18E6827224FDA0023987A /* Base */,
			);
			name = Main.storyboard;
			sourceTree = "<group>";
		};
		00B18E6F27224FE00023987A /* LaunchScreen.storyboard */ = {
			isa = PBXVariantGroup;
			children = (
				00B18E7027224FE00023987A /* Base */,
			);
			name = LaunchScreen.storyboard;
			sourceTree = "<group>";
		};
/* End PBXVariantGroup section */

/* Begin XCBuildConfiguration section */
		00B18E7327224FE00023987A /* Debug */ = {
			isa = XCBuildConfiguration;
			buildSettings = {
				ALWAYS_SEARCH_USER_PATHS = NO;
				CLANG_ANALYZER_NONNULL = YES;
				CLANG_ANALYZER_NUMBER_OBJECT_CONVERSION = YES_AGGRESSIVE;
				CLANG_CXX_LANGUAGE_STANDARD = "gnu++14";
				CLANG_CXX_LIBRARY = "libc++";
				CLANG_ENABLE_MODULES = YES;
				CLANG_ENABLE_OBJC_ARC = YES;
				CLANG_ENABLE_OBJC_WEAK = YES;
				CLANG_WARN_BLOCK_CAPTURE_AUTORELEASING = YES;
				CLANG_WARN_BOOL_CONVERSION = YES;
				CLANG_WARN_COMMA = YES;
				CLANG_WARN_CONSTANT_CONVERSION = YES;
				CLANG_WARN_DEPRECATED_OBJC_IMPLEMENTATIONS = YES;
				CLANG_WARN_DIRECT_OBJC_ISA_USAGE = YES_ERROR;
				CLANG_WARN_DOCUMENTATION_COMMENTS = YES;
				CLANG_WARN_EMPTY_BODY = YES;
				CLANG_WARN_ENUM_CONVERSION = YES;
				CLANG_WARN_INFINITE_RECURSION = YES;
				CLANG_WARN_INT_CONVERSION = YES;
				CLANG_WARN_NON_LITERAL_NULL_CONVERSION = YES;
				CLANG_WARN_OBJC_IMPLICIT_RETAIN_SELF = YES;
				CLANG_WARN_OBJC_LITERAL_CONVERSION = YES;
				CLANG_WARN_OBJC_ROOT_CLASS = YES_ERROR;
				CLANG_WARN_QUOTED_INCLUDE_IN_FRAMEWORK_HEADER = YES;
				CLANG_WARN_RANGE_LOOP_ANALYSIS = YES;
				CLANG_WARN_STRICT_PROTOTYPES = YES;
				CLANG_WARN_SUSPICIOUS_MOVE = YES;
				CLANG_WARN_UNGUARDED_AVAILABILITY = YES_AGGRESSIVE;
				CLANG_WARN_UNREACHABLE_CODE = YES;
				CLANG_WARN__DUPLICATE_METHOD_MATCH = YES;
				COPY_PHASE_STRIP = NO;
				DEBUG_INFORMATION_FORMAT = dwarf;
				ENABLE_STRICT_OBJC_MSGSEND = YES;
				ENABLE_TESTABILITY = YES;
				GCC_C_LANGUAGE_STANDARD = gnu11;
				GCC_DYNAMIC_NO_PIC = NO;
				GCC_NO_COMMON_BLOCKS = YES;
				GCC_OPTIMIZATION_LEVEL = 0;
				GCC_PREPROCESSOR_DEFINITIONS = (
					"DEBUG=1",
					"$(inherited)",
				);
				GCC_WARN_64_TO_32_BIT_CONVERSION = YES;
				GCC_WARN_ABOUT_RETURN_TYPE = YES_ERROR;
				GCC_WARN_UNDECLARED_SELECTOR = YES;
				GCC_WARN_UNINITIALIZED_AUTOS = YES_AGGRESSIVE;
				GCC_WARN_UNUSED_FUNCTION = YES;
				GCC_WARN_UNUSED_VARIABLE = YES;
				IPHONEOS_DEPLOYMENT_TARGET = 14.4;
				MTL_ENABLE_DEBUG_INFO = INCLUDE_SOURCE;
				MTL_FAST_MATH = YES;
				ONLY_ACTIVE_ARCH = YES;
				SDKROOT = iphoneos;
				SWIFT_ACTIVE_COMPILATION_CONDITIONS = DEBUG;
				SWIFT_OPTIMIZATION_LEVEL = "-Onone";
			};
			name = Debug;
		};
		00B18E7427224FE00023987A /* Release */ = {
			isa = XCBuildConfiguration;
			buildSettings = {
				ALWAYS_SEARCH_USER_PATHS = NO;
				CLANG_ANALYZER_NONNULL = YES;
				CLANG_ANALYZER_NUMBER_OBJECT_CONVERSION = YES_AGGRESSIVE;
				CLANG_CXX_LANGUAGE_STANDARD = "gnu++14";
				CLANG_CXX_LIBRARY = "libc++";
				CLANG_ENABLE_MODULES = YES;
				CLANG_ENABLE_OBJC_ARC = YES;
				CLANG_ENABLE_OBJC_WEAK = YES;
				CLANG_WARN_BLOCK_CAPTURE_AUTORELEASING = YES;
				CLANG_WARN_BOOL_CONVERSION = YES;
				CLANG_WARN_COMMA = YES;
				CLANG_WARN_CONSTANT_CONVERSION = YES;
				CLANG_WARN_DEPRECATED_OBJC_IMPLEMENTATIONS = YES;
				CLANG_WARN_DIRECT_OBJC_ISA_USAGE = YES_ERROR;
				CLANG_WARN_DOCUMENTATION_COMMENTS = YES;
				CLANG_WARN_EMPTY_BODY = YES;
				CLANG_WARN_ENUM_CONVERSION = YES;
				CLANG_WARN_INFINITE_RECURSION = YES;
				CLANG_WARN_INT_CONVERSION = YES;
				CLANG_WARN_NON_LITERAL_NULL_CONVERSION = YES;
				CLANG_WARN_OBJC_IMPLICIT_RETAIN_SELF = YES;
				CLANG_WARN_OBJC_LITERAL_CONVERSION = YES;
				CLANG_WARN_OBJC_ROOT_CLASS = YES_ERROR;
				CLANG_WARN_QUOTED_INCLUDE_IN_FRAMEWORK_HEADER = YES;
				CLANG_WARN_RANGE_LOOP_ANALYSIS = YES;
				CLANG_WARN_STRICT_PROTOTYPES = YES;
				CLANG_WARN_SUSPICIOUS_MOVE = YES;
				CLANG_WARN_UNGUARDED_AVAILABILITY = YES_AGGRESSIVE;
				CLANG_WARN_UNREACHABLE_CODE = YES;
				CLANG_WARN__DUPLICATE_METHOD_MATCH = YES;
				COPY_PHASE_STRIP = NO;
				DEBUG_INFORMATION_FORMAT = "dwarf-with-dsym";
				ENABLE_NS_ASSERTIONS = NO;
				ENABLE_STRICT_OBJC_MSGSEND = YES;
				GCC_C_LANGUAGE_STANDARD = gnu11;
				GCC_NO_COMMON_BLOCKS = YES;
				GCC_WARN_64_TO_32_BIT_CONVERSION = YES;
				GCC_WARN_ABOUT_RETURN_TYPE = YES_ERROR;
				GCC_WARN_UNDECLARED_SELECTOR = YES;
				GCC_WARN_UNINITIALIZED_AUTOS = YES_AGGRESSIVE;
				GCC_WARN_UNUSED_FUNCTION = YES;
				GCC_WARN_UNUSED_VARIABLE = YES;
				IPHONEOS_DEPLOYMENT_TARGET = 14.4;
				MTL_ENABLE_DEBUG_INFO = NO;
				MTL_FAST_MATH = YES;
				SDKROOT = iphoneos;
				SWIFT_COMPILATION_MODE = wholemodule;
				SWIFT_OPTIMIZATION_LEVEL = "-O";
				VALIDATE_PRODUCT = YES;
			};
			name = Release;
		};
		00B18E7627224FE00023987A /* Debug */ = {
			isa = XCBuildConfiguration;
			buildSettings = {
				ASSETCATALOG_COMPILER_APPICON_NAME = AppIcon;
				ASSETCATALOG_COMPILER_GLOBAL_ACCENT_COLOR_NAME = AccentColor;
				CODE_SIGN_STYLE = Automatic;
				DEVELOPMENT_TEAM = PX34UR8QJ4;
				INFOPLIST_FILE = SwiftHightClass/Info.plist;
				LD_RUNPATH_SEARCH_PATHS = (
					"$(inherited)",
					"@executable_path/Frameworks",
				);
				PRODUCT_BUNDLE_IDENTIFIER = ZhaoQ.SwiftHightClass;
				PRODUCT_NAME = "$(TARGET_NAME)";
				SWIFT_VERSION = 5.0;
				TARGETED_DEVICE_FAMILY = "1,2";
			};
			name = Debug;
		};
		00B18E7727224FE00023987A /* Release */ = {
			isa = XCBuildConfiguration;
			buildSettings = {
				ASSETCATALOG_COMPILER_APPICON_NAME = AppIcon;
				ASSETCATALOG_COMPILER_GLOBAL_ACCENT_COLOR_NAME = AccentColor;
				CODE_SIGN_STYLE = Automatic;
				DEVELOPMENT_TEAM = PX34UR8QJ4;
				INFOPLIST_FILE = SwiftHightClass/Info.plist;
				LD_RUNPATH_SEARCH_PATHS = (
					"$(inherited)",
					"@executable_path/Frameworks",
				);
				PRODUCT_BUNDLE_IDENTIFIER = ZhaoQ.SwiftHightClass;
				PRODUCT_NAME = "$(TARGET_NAME)";
				SWIFT_VERSION = 5.0;
				TARGETED_DEVICE_FAMILY = "1,2";
			};
			name = Release;
		};
/* End XCBuildConfiguration section */

/* Begin XCConfigurationList section */
		00B18E5927224FDA0023987A /* Build configuration list for PBXProject "SwiftHightClass" */ = {
			isa = XCConfigurationList;
			buildConfigurations = (
				00B18E7327224FE00023987A /* Debug */,
				00B18E7427224FE00023987A /* Release */,
			);
			defaultConfigurationIsVisible = 0;
			defaultConfigurationName = Release;
		};
		00B18E7527224FE00023987A /* Build configuration list for PBXNativeTarget "SwiftHightClass" */ = {
			isa = XCConfigurationList;
			buildConfigurations = (
				00B18E7627224FE00023987A /* Debug */,
				00B18E7727224FE00023987A /* Release */,
			);
			defaultConfigurationIsVisible = 0;
			defaultConfigurationName = Release;
		};
/* End XCConfigurationList section */

/* Begin XCVersionGroup section */
		00B18E6A27224FDA0023987A /* SwiftHightClass.xcdatamodeld */ = {
			isa = XCVersionGroup;
			children = (
				00B18E6B27224FDA0023987A /* SwiftHightClass.xcdatamodel */,
			);
			currentVersion = 00B18E6B27224FDA0023987A /* SwiftHightClass.xcdatamodel */;
			path = SwiftHightClass.xcdatamodeld;
			sourceTree = "<group>";
			versionGroupType = wrapper.xcdatamodel;
		};
/* End XCVersionGroup section */
	};
	rootObject = 00B18E5627224FDA0023987A /* Project object */;
}
